{
  "contracts/lib/account-abstraction": {
    "tag": {
      "name": "v0.8.0",
      "rev": "4cbc06072cdc19fd60f285c5997f4f7f57a588de"
    }
  },
  "contracts/lib/forge-std": {
    "tag": {
      "name": "v1.16.1",
      "rev": "620536fa5277db4e3fd46772d5cbc1ea0696fb43"
    }
  },
  "contracts/lib/openzeppelin-contracts": {
    "rev": "5fd1781b1454fd1ef8e722282f86f9293cacf256"
  },
  "contracts/lib/openzeppelin-contracts-upgradeable": {
    "rev": "7bf4727aacdbfaa0f36cbd664654d0c9e1dc52bf"
  }
}